
Microsoft Visual Studio Solution File, Format Version 12.00
Project("{FAE04EC0-301F-11D3-BF4B-00C04F79EFBC}") = "OmniConverter.Avalonia.Client", "OmniConverter.Avalonia.Client\OmniConverter.Avalonia.Client.csproj", "{D69311C7-2318-4C9A-A94A-799F13D1CFB2}"
EndProject
Project("{FAE04EC0-301F-11D3-BF4B-00C04F79EFBC}") = "OmniConverter.Core", "OmniConverter.Core\OmniConverter.Core.csproj", "{AF5B62C9-8D36-459C-A0F4-0C0D2BFED37D}"
EndProject
Project("{FAE04EC0-301F-11D3-BF4B-00C04F79EFBC}") = "OmniConverter.CLI.Client", "OmniConverter.CLI.Client\OmniConverter.CLI.Client.csproj", "{2A21F1F8-7D5D-434E-AFC1-3A766B6E2467}"
EndProject
Project("{2150E333-8FDC-42A3-9474-1A3956D46DE8}") = "src", "src", "{7C746F28-9CE2-4395-835E-41CBAFB3354F}"
EndProject
Project("{2150E333-8FDC-42A3-9474-1A3956D46DE8}") = "test", "test", "{BF3DD84B-B902-4594-AF71-85F32618C691}"
EndProject
Project("{2150E333-8FDC-42A3-9474-1A3956D46DE8}") = "Applications", "Applications", "{596222AF-3498-4ECA-9BD4-8869D27C85AF}"
EndProject
Project("{2150E333-8FDC-42A3-9474-1A3956D46DE8}") = "Libraries", "Libraries", "{DC5232D5-1787-494A-9488-03EFB6E66D43}"
EndProject
Project("{FAE04EC0-301F-11D3-BF4B-00C04F79EFBC}") = "OmniConverter.Core.Tests", "OmniConverter.Core.Tests\OmniConverter.Core.Tests.csproj", "{42799841-ACE5-46CA-A398-FB08F3D94E17}"
EndProject
Project("{FAE04EC0-301F-11D3-BF4B-00C04F79EFBC}") = "OmniConverter.BlazorWasm.Client", "OmniConverter.BlazorWasm.Client\OmniConverter.BlazorWasm.Client.csproj", "{1C993C9B-FC00-47B9-9DF0-6ED06B27170E}"
EndProject
Project("{FAE04EC0-301F-11D3-BF4B-00C04F79EFBC}") = "OmniConverter.BlazorHybrid.Client", "OmniConverter.BlazorHybrid.Client\OmniConverter.BlazorHybrid.Client.csproj", "{0C5AAE97-DC05-47A1-BA2B-F5E6F5550080}"
EndProject
Project("{FAE04EC0-301F-11D3-BF4B-00C04F79EFBC}") = "OmniConverter.Blazor.Components", "OmniConverter.Blazor.Components\OmniConverter.Blazor.Components.csproj", "{5B3434AE-2779-4449-BBED-22E4102B887D}"
EndProject
Global
	GlobalSection(SolutionConfigurationPlatforms) = preSolution
		Debug|Any CPU = Debug|Any CPU
		Release|Any CPU = Release|Any CPU
	EndGlobalSection
	GlobalSection(ProjectConfigurationPlatforms) = postSolution
		{D69311C7-2318-4C9A-A94A-799F13D1CFB2}.Debug|Any CPU.ActiveCfg = Debug|Any CPU
		{D69311C7-2318-4C9A-A94A-799F13D1CFB2}.Debug|Any CPU.Build.0 = Debug|Any CPU
		{D69311C7-2318-4C9A-A94A-799F13D1CFB2}.Release|Any CPU.ActiveCfg = Release|Any CPU
		{D69311C7-2318-4C9A-A94A-799F13D1CFB2}.Release|Any CPU.Build.0 = Release|Any CPU
		{AF5B62C9-8D36-459C-A0F4-0C0D2BFED37D}.Debug|Any CPU.ActiveCfg = Debug|Any CPU
		{AF5B62C9-8D36-459C-A0F4-0C0D2BFED37D}.Debug|Any CPU.Build.0 = Debug|Any CPU
		{AF5B62C9-8D36-459C-A0F4-0C0D2BFED37D}.Release|Any CPU.ActiveCfg = Release|Any CPU
		{AF5B62C9-8D36-459C-A0F4-0C0D2BFED37D}.Release|Any CPU.Build.0 = Release|Any CPU
		{2A21F1F8-7D5D-434E-AFC1-3A766B6E2467}.Debug|Any CPU.ActiveCfg = Debug|Any CPU
		{2A21F1F8-7D5D-434E-AFC1-3A766B6E2467}.Debug|Any CPU.Build.0 = Debug|Any CPU
		{2A21F1F8-7D5D-434E-AFC1-3A766B6E2467}.Release|Any CPU.ActiveCfg = Release|Any CPU
		{2A21F1F8-7D5D-434E-AFC1-3A766B6E2467}.Release|Any CPU.Build.0 = Release|Any CPU
		{42799841-ACE5-46CA-A398-FB08F3D94E17}.Debug|Any CPU.ActiveCfg = Debug|Any CPU
		{42799841-ACE5-46CA-A398-FB08F3D94E17}.Debug|Any CPU.Build.0 = Debug|Any CPU
		{42799841-ACE5-46CA-A398-FB08F3D94E17}.Release|Any CPU.ActiveCfg = Release|Any CPU
		{42799841-ACE5-46CA-A398-FB08F3D94E17}.Release|Any CPU.Build.0 = Release|Any CPU
		{1C993C9B-FC00-47B9-9DF0-6ED06B27170E}.Debug|Any CPU.ActiveCfg = Debug|Any CPU
		{1C993C9B-FC00-47B9-9DF0-6ED06B27170E}.Debug|Any CPU.Build.0 = Debug|Any CPU
		{1C993C9B-FC00-47B9-9DF0-6ED06B27170E}.Release|Any CPU.ActiveCfg = Release|Any CPU
		{1C993C9B-FC00-47B9-9DF0-6ED06B27170E}.Release|Any CPU.Build.0 = Release|Any CPU
		{0C5AAE97-DC05-47A1-BA2B-F5E6F5550080}.Debug|Any CPU.ActiveCfg = Debug|Any CPU
		{0C5AAE97-DC05-47A1-BA2B-F5E6F5550080}.Debug|Any CPU.Build.0 = Debug|Any CPU
		{0C5AAE97-DC05-47A1-BA2B-F5E6F5550080}.Release|Any CPU.ActiveCfg = Release|Any CPU
		{0C5AAE97-DC05-47A1-BA2B-F5E6F5550080}.Release|Any CPU.Build.0 = Release|Any CPU
		{5B3434AE-2779-4449-BBED-22E4102B887D}.Debug|Any CPU.ActiveCfg = Debug|Any CPU
		{5B3434AE-2779-4449-BBED-22E4102B887D}.Debug|Any CPU.Build.0 = Debug|Any CPU
		{5B3434AE-2779-4449-BBED-22E4102B887D}.Release|Any CPU.ActiveCfg = Release|Any CPU
		{5B3434AE-2779-4449-BBED-22E4102B887D}.Release|Any CPU.Build.0 = Release|Any CPU
	EndGlobalSection
	GlobalSection(NestedProjects) = preSolution
		{596222AF-3498-4ECA-9BD4-8869D27C85AF} = {7C746F28-9CE2-4395-835E-41CBAFB3354F}
		{DC5232D5-1787-494A-9488-03EFB6E66D43} = {7C746F28-9CE2-4395-835E-41CBAFB3354F}
		{D69311C7-2318-4C9A-A94A-799F13D1CFB2} = {596222AF-3498-4ECA-9BD4-8869D27C85AF}
		{2A21F1F8-7D5D-434E-AFC1-3A766B6E2467} = {596222AF-3498-4ECA-9BD4-8869D27C85AF}
		{AF5B62C9-8D36-459C-A0F4-0C0D2BFED37D} = {DC5232D5-1787-494A-9488-03EFB6E66D43}
		{42799841-ACE5-46CA-A398-FB08F3D94E17} = {BF3DD84B-B902-4594-AF71-85F32618C691}
		{1C993C9B-FC00-47B9-9DF0-6ED06B27170E} = {596222AF-3498-4ECA-9BD4-8869D27C85AF}
		{0C5AAE97-DC05-47A1-BA2B-F5E6F5550080} = {596222AF-3498-4ECA-9BD4-8869D27C85AF}
		{5B3434AE-2779-4449-BBED-22E4102B887D} = {DC5232D5-1787-494A-9488-03EFB6E66D43}
	EndGlobalSection
EndGlobal
